
Microsoft Visual Studio Solution File, Format Version 12.00
# Visual Studio 15
VisualStudioVersion = 15.0.26730.16
MinimumVisualStudioVersion = 10.0.40219.1
Project("{FAE04EC0-301F-11D3-BF4B-00C04F79EFBC}") = "SliteDownloader", "SliteDownloader\SliteDownloader.csproj", "{C233F24E-8550-4860-BDD8-193B7041577C}"
EndProject
Global
	GlobalSection(SolutionConfigurationPlatforms) = preSolution
		Debug|Any CPU = Debug|Any CPU
		Release|Any CPU = Release|Any CPU
	EndGlobalSection
	GlobalSection(ProjectConfigurationPlatforms) = postSolution
		{C233F24E-8550-4860-BDD8-193B7041577C}.Debug|Any CPU.ActiveCfg = Debug|Any CPU
		{C233F24E-8550-4860-BDD8-193B7041577C}.Debug|Any CPU.Build.0 = Debug|Any CPU
		{C233F24E-8550-4860-BDD8-193B7041577C}.Release|Any CPU.ActiveCfg = Release|Any CPU
		{C233F24E-8550-4860-BDD8-193B7041577C}.Release|Any CPU.Build.0 = Release|Any CPU
	EndGlobalSection
	GlobalSection(SolutionProperties) = preSolution
		HideSolutionNode = FALSE
	EndGlobalSection
	GlobalSection(ExtensibilityGlobals) = postSolution
		SolutionGuid = {3637500D-9F9D-4CE3-ADC9-E34B4D63F994}
	EndGlobalSection
EndGlobal
